
Microsoft Visual Studio Solution File, Format Version 12.00
# Visual Studio Version 16
VisualStudioVersion = 16.0.30114.105
MinimumVisualStudioVersion = 10.0.40219.1
Project("{FAE04EC0-301F-11D3-BF4B-00C04F79EFBC}") = "TeknoAntiVPN", "TeknoAntiVPN.csproj", "{396A8472-0872-45B7-94F0-869555D07B9A}"
EndProject
Global
	GlobalSection(SolutionConfigurationPlatforms) = preSolution
		Debug|Any CPU = Debug|Any CPU
		Release|Any CPU = Release|Any CPU
	EndGlobalSection
	GlobalSection(ProjectConfigurationPlatforms) = postSolution
		{396A8472-0872-45B7-94F0-869555D07B9A}.Debug|Any CPU.ActiveCfg = Debug|Any CPU
		{396A8472-0872-45B7-94F0-869555D07B9A}.Debug|Any CPU.Build.0 = Debug|Any CPU
		{396A8472-0872-45B7-94F0-869555D07B9A}.Release|Any CPU.ActiveCfg = Release|Any CPU
		{396A8472-0872-45B7-94F0-869555D07B9A}.Release|Any CPU.Build.0 = Release|Any CPU
	EndGlobalSection
	GlobalSection(SolutionProperties) = preSolution
		HideSolutionNode = FALSE
	EndGlobalSection
	GlobalSection(ExtensibilityGlobals) = postSolution
		SolutionGuid = {D9D9C6D4-CF12-4013-90AB-8C1F80639052}
	EndGlobalSection
EndGlobal
